
Microsoft Visual Studio Solution File, Format Version 12.00
Project("{FAE04EC0-301F-11D3-BF4B-00C04F79EFBC}") = "SvgMaker", "SvgMaker\SvgMaker.csproj", "{6287D19B-0021-492C-8662-5CF49D8AE7BE}"
EndProject
Project("{FAE04EC0-301F-11D3-BF4B-00C04F79EFBC}") = "SvgMaker.Lib", "SvgMaker.Lib\SvgMaker.Lib.csproj", "{74E9185D-0838-4D51-97FA-58EF13A68FB8}"
EndProject
Global
	GlobalSection(SolutionConfigurationPlatforms) = preSolution
		Debug|Any CPU = Debug|Any CPU
		Release|Any CPU = Release|Any CPU
	EndGlobalSection
	GlobalSection(ProjectConfigurationPlatforms) = postSolution
		{6287D19B-0021-492C-8662-5CF49D8AE7BE}.Debug|Any CPU.ActiveCfg = Debug|Any CPU
		{6287D19B-0021-492C-8662-5CF49D8AE7BE}.Debug|Any CPU.Build.0 = Debug|Any CPU
		{6287D19B-0021-492C-8662-5CF49D8AE7BE}.Release|Any CPU.ActiveCfg = Release|Any CPU
		{6287D19B-0021-492C-8662-5CF49D8AE7BE}.Release|Any CPU.Build.0 = Release|Any CPU
		{74E9185D-0838-4D51-97FA-58EF13A68FB8}.Debug|Any CPU.ActiveCfg = Debug|Any CPU
		{74E9185D-0838-4D51-97FA-58EF13A68FB8}.Debug|Any CPU.Build.0 = Debug|Any CPU
		{74E9185D-0838-4D51-97FA-58EF13A68FB8}.Release|Any CPU.ActiveCfg = Release|Any CPU
		{74E9185D-0838-4D51-97FA-58EF13A68FB8}.Release|Any CPU.Build.0 = Release|Any CPU
	EndGlobalSection
EndGlobal
